# This file is automatically @generated by Cargo.
# It is not intended for manual editing.
version = 4

[[package]]
name = "luhomo-cli"
version = "0.1.0"

[[package]]
name = "luhomo-core"
version = "0.1.0"

[[package]]
name = "luhomo-gui"
version = "0.1.0"

[[package]]
name = "luhomo-service"
version = "0.1.0"
